// !$*UTF8*$!
{
	archiveVersion = 1;
	classes = {
	};
	objectVersion = 46;
	objects = {

/* Begin PBXBuildFile section */
		AA160AC21CF8841F0023C13E /* WWHStatusBarHUD.bundle in Resources */ = {isa = PBXBuildFile; fileRef = AA160ABF1CF8841F0023C13E /* WWHStatusBarHUD.bundle */; };
		AA160AC31CF8841F0023C13E /* WWHStatusBarHUD.m in Sources */ = {isa = PBXBuildFile; fileRef = AA160AC11CF8841F0023C13E /* WWHStatusBarHUD.m */; };
		AA4FE3B81CF883DE00713A85 /* main.m in Sources */ = {isa = PBXBuildFile; fileRef = AA4FE3B71CF883DE00713A85 /* main.m */; };
		AA4FE3BB1CF883DE00713A85 /* AppDelegate.m in Sources */ = {isa = PBXBuildFile; fileRef = AA4FE3BA1CF883DE00713A85 /* AppDelegate.m */; };
		AA4FE3BE1CF883DE00713A85 /* ViewController.m in Sources */ = {isa = PBXBuildFile; fileRef = AA4FE3BD1CF883DE00713A85 /* ViewController.m */; };
		AA4FE3C11CF883DE00713A85 /* Main.storyboard in Resources */ = {isa = PBXBuildFile; fileRef = AA4FE3BF1CF883DE00713A85 /* Main.storyboard */; };
		AA4FE3C31CF883DE00713A85 /* Assets.xcassets in Resources */ = {isa = PBXBuildFile; fileRef = AA4FE3C21CF883DE00713A85 /* Assets.xcassets */; };
		AA4FE3C61CF883DE00713A85 /* LaunchScreen.storyboard in Resources */ = {isa = PBXBuildFile; fileRef = AA4FE3C41CF883DE00713A85 /* LaunchScreen.storyboard */; };
/* End PBXBuildFile section */

/* Begin PBXFileReference section */
		AA160ABF1CF8841F0023C13E /* WWHStatusBarHUD.bundle */ = {isa = PBXFileReference; lastKnownFileType = "wrapper.plug-in"; path = WWHStatusBarHUD.bundle; sourceTree = "<group>"; };
		AA160AC01CF8841F0023C13E /* WWHStatusBarHUD.h */ = {isa = PBXFileReference; fileEncoding = 4; lastKnownFileType = sourcecode.c.h; path = WWHStatusBarHUD.h; sourceTree = "<group>"; };
		AA160AC11CF8841F0023C13E /* WWHStatusBarHUD.m */ = {isa = PBXFileReference; fileEncoding = 4; lastKnownFileType = sourcecode.c.objc; path = WWHStatusBarHUD.m; sourceTree = "<group>"; };
		AA4FE3B31CF883DE00713A85 /* WWHStatusBarHUDDemo.app */ = {isa = PBXFileReference; explicitFileType = wrapper.application; includeInIndex = 0; path = WWHStatusBarHUDDemo.app; sourceTree = BUILT_PRODUCTS_DIR; };
		AA4FE3B71CF883DE00713A85 /* main.m */ = {isa = PBXFileReference; lastKnownFileType = sourcecode.c.objc; path = main.m; sourceTree = "<group>"; };
		AA4FE3B91CF883DE00713A85 /* AppDelegate.h */ = {isa = PBXFileReference; lastKnownFileType = sourcecode.c.h; path = AppDelegate.h; sourceTree = "<group>"; };
		AA4FE3BA1CF883DE00713A85 /* AppDelegate.m */ = {isa = PBXFileReference; lastKnownFileType = sourcecode.c.objc; path = AppDelegate.m; sourceTree = "<group>"; };
		AA4FE3BC1CF883DE00713A85 /* ViewController.h */ = {isa = PBXFileReference; lastKnownFileType = sourcecode.c.h; path = ViewController.h; sourceTree = "<group>"; };
		AA4FE3BD1CF883DE00713A85 /* ViewController.m */ = {isa = PBXFileReference; lastKnownFileType = sourcecode.c.objc; path = ViewController.m; sourceTree = "<group>"; };
		AA4FE3C01CF883DE00713A85 /* Base */ = {isa = PBXFileReference; lastKnownFileType = file.storyboard; name = Base; path = Base.lproj/Main.storyboard; sourceTree = "<group>"; };
		AA4FE3C21CF883DE00713A85 /* Assets.xcassets */ = {isa = PBXFileReference; lastKnownFileType = folder.assetcatalog; path = Assets.xcassets; sourceTree = "<group>"; };
		AA4FE3C51CF883DE00713A85 /* Base */ = {isa = PBXFileReference; lastKnownFileType = file.storyboard; name = Base; path = Base.lproj/LaunchScreen.storyboard; sourceTree = "<group>"; };
		AA4FE3C71CF883DE00713A85 /* Info.plist */ = {isa = PBXFileReference; lastKnownFileType = text.plist.xml; path = Info.plist; sourceTree = "<group>"; };
/* End PBXFileReference section */

/* Begin PBXFrameworksBuildPhase section */
		AA4FE3B01CF883DE00713A85 /* Frameworks */ = {
			isa = PBXFrameworksBuildPhase;
			buildActionMask = 2147483647;
			files = (
			);
			runOnlyForDeploymentPostprocessing = 0;
		};
/* End PBXFrameworksBuildPhase section */

/* Begin PBXGroup section */
		AA160ABE1CF8841F0023C13E /* WWHStatusBarHUD */ = {
			isa = PBXGroup;
			children = (
				AA160ABF1CF8841F0023C13E /* WWHStatusBarHUD.bundle */,
				AA160AC01CF8841F0023C13E /* WWHStatusBarHUD.h */,
				AA160AC11CF8841F0023C13E /* WWHStatusBarHUD.m */,
			);
			name = WWHStatusBarHUD;
			path = ../../WWHStatusBarHUD;
			sourceTree = "<group>";
		};
		AA4FE3AA1CF883DE00713A85 = {
			isa = PBXGroup;
			children = (
				AA4FE3B51CF883DE00713A85 /* WWHStatusBarHUDDemo */,
				AA4FE3B41CF883DE00713A85 /* Products */,
			);
			sourceTree = "<group>";
		};
		AA4FE3B41CF883DE00713A85 /* Products */ = {
			isa = PBXGroup;
			children = (
				AA4FE3B31CF883DE00713A85 /* WWHStatusBarHUDDemo.app */,
			);
			name = Products;
			sourceTree = "<group>";
		};
		AA4FE3B51CF883DE00713A85 /* WWHStatusBarHUDDemo */ = {
			isa = PBXGroup;
			children = (
				AA160ABE1CF8841F0023C13E /* WWHStatusBarHUD */,
				AA4FE3B91CF883DE00713A85 /* AppDelegate.h */,
				AA4FE3BA1CF883DE00713A85 /* AppDelegate.m */,
				AA4FE3BC1CF883DE00713A85 /* ViewController.h */,
				AA4FE3BD1CF883DE00713A85 /* ViewController.m */,
				AA4FE3BF1CF883DE00713A85 /* Main.storyboard */,
				AA4FE3C21CF883DE00713A85 /* Assets.xcassets */,
				AA4FE3C41CF883DE00713A85 /* LaunchScreen.storyboard */,
				AA4FE3C71CF883DE00713A85 /* Info.plist */,
				AA4FE3B61CF883DE00713A85 /* Supporting Files */,
			);
			path = WWHStatusBarHUDDemo;
			sourceTree = "<group>";
		};
		AA4FE3B61CF883DE00713A85 /* Supporting Files */ = {
			isa = PBXGroup;
			children = (
				AA4FE3B71CF883DE00713A85 /* main.m */,
			);
			name = "Supporting Files";
			sourceTree = "<group>";
		};
/* End PBXGroup section */

/* Begin PBXNativeTarget section */
		AA4FE3B21CF883DE00713A85 /* WWHStatusBarHUDDemo */ = {
			isa = PBXNativeTarget;
			buildConfigurationList = AA4FE3CA1CF883DE00713A85 /* Build configuration list for PBXNativeTarget "WWHStatusBarHUDDemo" */;
			buildPhases = (
				AA4FE3AF1CF883DE00713A85 /* Sources */,
				AA4FE3B01CF883DE00713A85 /* Frameworks */,
				AA4FE3B11CF883DE00713A85 /* Resources */,
			);
			buildRules = (
			);
			dependencies = (
			);
			name = WWHStatusBarHUDDemo;
			productName = WWHStatusBarHUDDemo;
			productReference = AA4FE3B31CF883DE00713A85 /* WWHStatusBarHUDDemo.app */;
			productType = "com.apple.product-type.application";
		};
/* End PBXNativeTarget section */

/* Begin PBXProject section */
		AA4FE3AB1CF883DE00713A85 /* Project object */ = {
			isa = PBXProject;
			attributes = {
				LastUpgradeCheck = 0730;
				ORGANIZATIONNAME = wwh;
				TargetAttributes = {
					AA4FE3B21CF883DE00713A85 = {
						CreatedOnToolsVersion = 7.3;
					};
				};
			};
			buildConfigurationList = AA4FE3AE1CF883DE00713A85 /* Build configuration list for PBXProject "WWHStatusBarHUDDemo" */;
			compatibilityVersion = "Xcode 3.2";
			developmentRegion = English;
			hasScannedForEncodings = 0;
			knownRegions = (
				en,
				Base,
			);
			mainGroup = AA4FE3AA1CF883DE00713A85;
			productRefGroup = AA4FE3B41CF883DE00713A85 /* Products */;
			projectDirPath = "";
			projectRoot = "";
			targets = (
				AA4FE3B21CF883DE00713A85 /* WWHStatusBarHUDDemo */,
			);
		};
/* End PBXProject section */

/* Begin PBXResourcesBuildPhase section */
		AA4FE3B11CF883DE00713A85 /* Resources */ = {
			isa = PBXResourcesBuildPhase;
			buildActionMask = 2147483647;
			files = (
				AA4FE3C61CF883DE00713A85 /* LaunchScreen.storyboard in Resources */,
				AA4FE3C31CF883DE00713A85 /* Assets.xcassets in Resources */,
				AA160AC21CF8841F0023C13E /* WWHStatusBarHUD.bundle in Resources */,
				AA4FE3C11CF883DE00713A85 /* Main.storyboard in Resources */,
			);
			runOnlyForDeploymentPostprocessing = 0;
		};
/* End PBXResourcesBuildPhase section */

/* Begin PBXSourcesBuildPhase section */
		AA4FE3AF1CF883DE00713A85 /* Sources */ = {
			isa = PBXSourcesBuildPhase;
			buildActionMask = 2147483647;
			files = (
				AA160AC31CF8841F0023C13E /* WWHStatusBarHUD.m in Sources */,
				AA4FE3BE1CF883DE00713A85 /* ViewController.m in Sources */,
				AA4FE3BB1CF883DE00713A85 /* AppDelegate.m in Sources */,
				AA4FE3B81CF883DE00713A85 /* main.m in Sources */,
			);
			runOnlyForDeploymentPostprocessing = 0;
		};
/* End PBXSourcesBuildPhase section */

/* Begin PBXVariantGroup section */
		AA4FE3BF1CF883DE00713A85 /* Main.storyboard */ = {
			isa = PBXVariantGroup;
			children = (
				AA4FE3C01CF883DE00713A85 /* Base */,
			);
			name = Main.storyboard;
			sourceTree = "<group>";
		};
		AA4FE3C41CF883DE00713A85 /* LaunchScreen.storyboard */ = {
			isa = PBXVariantGroup;
			children = (
				AA4FE3C51CF883DE00713A85 /* Base */,
			);
			name = LaunchScreen.storyboard;
			sourceTree = "<group>";
		};
/* End PBXVariantGroup section */

/* Begin XCBuildConfiguration section */
		AA4FE3C81CF883DE00713A85 /* Debug */ = {
			isa = XCBuildConfiguration;
			buildSettings = {
				ALWAYS_SEARCH_USER_PATHS = NO;
				CLANG_ANALYZER_NONNULL = YES;
				CLANG_CXX_LANGUAGE_STANDARD = "gnu++0x";
				CLANG_CXX_LIBRARY = "libc++";
				CLANG_ENABLE_MODULES = YES;
				CLANG_ENABLE_OBJC_ARC = YES;
				CLANG_WARN_BOOL_CONVERSION = YES;
				CLANG_WARN_CONSTANT_CONVERSION = YES;
				CLANG_WARN_DIRECT_OBJC_ISA_USAGE = YES_ERROR;
				CLANG_WARN_EMPTY_BODY = YES;
				CLANG_WARN_ENUM_CONVERSION = YES;
				CLANG_WARN_INT_CONVERSION = YES;
				CLANG_WARN_OBJC_ROOT_CLASS = YES_ERROR;
				CLANG_WARN_UNREACHABLE_CODE = YES;
				CLANG_WARN__DUPLICATE_METHOD_MATCH = YES;
				"CODE_SIGN_IDENTITY[sdk=iphoneos*]" = "iPhone Developer";
				COPY_PHASE_STRIP = NO;
				DEBUG_INFORMATION_FORMAT = dwarf;
				ENABLE_STRICT_OBJC_MSGSEND = YES;
				ENABLE_TESTABILITY = YES;
				GCC_C_LANGUAGE_STANDARD = gnu99;
				GCC_DYNAMIC_NO_PIC = NO;
				GCC_NO_COMMON_BLOCKS = YES;
				GCC_OPTIMIZATION_LEVEL = 0;
				GCC_PREPROCESSOR_DEFINITIONS = (
					"DEBUG=1",
					"$(inherited)",
				);
				GCC_WARN_64_TO_32_BIT_CONVERSION = YES;
				GCC_WARN_ABOUT_RETURN_TYPE = YES_ERROR;
				GCC_WARN_UNDECLARED_SELECTOR = YES;
				GCC_WARN_UNINITIALIZED_AUTOS = YES_AGGRESSIVE;
				GCC_WARN_UNUSED_FUNCTION = YES;
				GCC_WARN_UNUSED_VARIABLE = YES;
				IPHONEOS_DEPLOYMENT_TARGET = 9.3;
				MTL_ENABLE_DEBUG_INFO = YES;
				ONLY_ACTIVE_ARCH = YES;
				SDKROOT = iphoneos;
			};
			name = Debug;
		};
		AA4FE3C91CF883DE00713A85 /* Release */ = {
			isa = XCBuildConfiguration;
			buildSettings = {
				ALWAYS_SEARCH_USER_PATHS = NO;
				CLANG_ANALYZER_NONNULL = YES;
				CLANG_CXX_LANGUAGE_STANDARD = "gnu++0x";
				CLANG_CXX_LIBRARY = "libc++";
				CLANG_ENABLE_MODULES = YES;
				CLANG_ENABLE_OBJC_ARC = YES;
				CLANG_WARN_BOOL_CONVERSION = YES;
				CLANG_WARN_CONSTANT_CONVERSION = YES;
				CLANG_WARN_DIRECT_OBJC_ISA_USAGE = YES_ERROR;
				CLANG_WARN_EMPTY_BODY = YES;
				CLANG_WARN_ENUM_CONVERSION = YES;
				CLANG_WARN_INT_CONVERSION = YES;
				CLANG_WARN_OBJC_ROOT_CLASS = YES_ERROR;
				CLANG_WARN_UNREACHABLE_CODE = YES;
				CLANG_WARN__DUPLICATE_METHOD_MATCH = YES;
				"CODE_SIGN_IDENTITY[sdk=iphoneos*]" = "iPhone Developer";
				COPY_PHASE_STRIP = NO;
				DEBUG_INFORMATION_FORMAT = "dwarf-with-dsym";
				ENABLE_NS_ASSERTIONS = NO;
				ENABLE_STRICT_OBJC_MSGSEND = YES;
				GCC_C_LANGUAGE_STANDARD = gnu99;
				GCC_NO_COMMON_BLOCKS = YES;
				GCC_WARN_64_TO_32_BIT_CONVERSION = YES;
				GCC_WARN_ABOUT_RETURN_TYPE = YES_ERROR;
				GCC_WARN_UNDECLARED_SELECTOR = YES;
				GCC_WARN_UNINITIALIZED_AUTOS = YES_AGGRESSIVE;
				GCC_WARN_UNUSED_FUNCTION = YES;
				GCC_WARN_UNUSED_VARIABLE = YES;
				IPHONEOS_DEPLOYMENT_TARGET = 9.3;
				MTL_ENABLE_DEBUG_INFO = NO;
				SDKROOT = iphoneos;
				VALIDATE_PRODUCT = YES;
			};
			name = Release;
		};
		AA4FE3CB1CF883DE00713A85 /* Debug */ = {
			isa = XCBuildConfiguration;
			buildSettings = {
				ASSETCATALOG_COMPILER_APPICON_NAME = AppIcon;
				CODE_SIGN_IDENTITY = "iPhone Developer";
				INFOPLIST_FILE = WWHStatusBarHUDDemo/Info.plist;
				LD_RUNPATH_SEARCH_PATHS = "$(inherited) @executable_path/Frameworks";
				PRODUCT_BUNDLE_IDENTIFIER = wangweihu.WWHStatusBarHUDDemo;
				PRODUCT_NAME = "$(TARGET_NAME)";
			};
			name = Debug;
		};
		AA4FE3CC1CF883DE00713A85 /* Release */ = {
			isa = XCBuildConfiguration;
			buildSettings = {
				ASSETCATALOG_COMPILER_APPICON_NAME = AppIcon;
				CODE_SIGN_IDENTITY = "iPhone Developer";
				INFOPLIST_FILE = WWHStatusBarHUDDemo/Info.plist;
				LD_RUNPATH_SEARCH_PATHS = "$(inherited) @executable_path/Frameworks";
				PRODUCT_BUNDLE_IDENTIFIER = wangweihu.WWHStatusBarHUDDemo;
				PRODUCT_NAME = "$(TARGET_NAME)";
			};
			name = Release;
		};
/* End XCBuildConfiguration section */

/* Begin XCConfigurationList section */
		AA4FE3AE1CF883DE00713A85 /* Build configuration list for PBXProject "WWHStatusBarHUDDemo" */ = {
			isa = XCConfigurationList;
			buildConfigurations = (
				AA4FE3C81CF883DE00713A85 /* Debug */,
				AA4FE3C91CF883DE00713A85 /* Release */,
			);
			defaultConfigurationIsVisible = 0;
			defaultConfigurationName = Release;
		};
		AA4FE3CA1CF883DE00713A85 /* Build configuration list for PBXNativeTarget "WWHStatusBarHUDDemo" */ = {
			isa = XCConfigurationList;
			buildConfigurations = (
				AA4FE3CB1CF883DE00713A85 /* Debug */,
				AA4FE3CC1CF883DE00713A85 /* Release */,
			);
			defaultConfigurationIsVisible = 0;
			defaultConfigurationName = Release;
		};
/* End XCConfigurationList section */
	};
	rootObject = AA4FE3AB1CF883DE00713A85 /* Project object */;
}
